// !$*UTF8*$!
{
	archiveVersion = 1;
	classes = {
	};
	objectVersion = 56;
	objects = {

/* Begin PBXBuildFile section */
		D90946C0E194F6B5F34E2179 /* Pods_MusicApp.framework in Frameworks */ = {isa = PBXBuildFile; fileRef = D2A7EECBA92BFB65AA6D9DD0 /* Pods_MusicApp.framework */; };
		DB0A396829505F64006E551B /* MyAlbum.swift in Sources */ = {isa = PBXBuildFile; fileRef = DB0A396729505F64006E551B /* MyAlbum.swift */; };
		DB0A396A2950D796006E551B /* Recomendation.swift in Sources */ = {isa = PBXBuildFile; fileRef = DB0A39692950D796006E551B /* Recomendation.swift */; };
		DB0A396C2950FB7A006E551B /* Playlist.swift in Sources */ = {isa = PBXBuildFile; fileRef = DB0A396B2950FB7A006E551B /* Playlist.swift */; };
		DB29928029675E24009B497A /* SearchResultViewController.swift in Sources */ = {isa = PBXBuildFile; fileRef = DB29927F29675E24009B497A /* SearchResultViewController.swift */; };
		DB2992822967690C009B497A /* CategoryCell.swift in Sources */ = {isa = PBXBuildFile; fileRef = DB2992812967690C009B497A /* CategoryCell.swift */; };
		DB2DBC13297564570059FF2D /* LikesViewController.swift in Sources */ = {isa = PBXBuildFile; fileRef = DB2DBC12297564570059FF2D /* LikesViewController.swift */; };
		DB2DBC15297564780059FF2D /* PlaylistLibraryViewController.swift in Sources */ = {isa = PBXBuildFile; fileRef = DB2DBC14297564780059FF2D /* PlaylistLibraryViewController.swift */; };
		DB2DBC18297564DF0059FF2D /* LibraryCell.swift in Sources */ = {isa = PBXBuildFile; fileRef = DB2DBC17297564DF0059FF2D /* LibraryCell.swift */; };
		DB2DBC1A297564F20059FF2D /* ToggleView.swift in Sources */ = {isa = PBXBuildFile; fileRef = DB2DBC19297564F20059FF2D /* ToggleView.swift */; };
		DB2DBC1C297567DE0059FF2D /* User Playlist.swift in Sources */ = {isa = PBXBuildFile; fileRef = DB2DBC1B297567DE0059FF2D /* User Playlist.swift */; };
		DB2DBC1E2975C2270059FF2D /* LikeCell.swift in Sources */ = {isa = PBXBuildFile; fileRef = DB2DBC1D2975C2270059FF2D /* LikeCell.swift */; };
		DB387127294F4AFE00965210 /* AppDelegate.swift in Sources */ = {isa = PBXBuildFile; fileRef = DB387126294F4AFE00965210 /* AppDelegate.swift */; };
		DB387129294F4AFE00965210 /* SceneDelegate.swift in Sources */ = {isa = PBXBuildFile; fileRef = DB387128294F4AFE00965210 /* SceneDelegate.swift */; };
		DB38712B294F4AFE00965210 /* PlayerViewController.swift in Sources */ = {isa = PBXBuildFile; fileRef = DB38712A294F4AFE00965210 /* PlayerViewController.swift */; };
		DB38712E294F4AFE00965210 /* Main.storyboard in Resources */ = {isa = PBXBuildFile; fileRef = DB38712C294F4AFE00965210 /* Main.storyboard */; };
		DB387130294F4B0100965210 /* Assets.xcassets in Resources */ = {isa = PBXBuildFile; fileRef = DB38712F294F4B0100965210 /* Assets.xcassets */; };
		DB387133294F4B0100965210 /* LaunchScreen.storyboard in Resources */ = {isa = PBXBuildFile; fileRef = DB387131294F4B0100965210 /* LaunchScreen.storyboard */; };
		DB38713B294F910B00965210 /* AuthManager.swift in Sources */ = {isa = PBXBuildFile; fileRef = DB38713A294F910B00965210 /* AuthManager.swift */; };
		DB38713D294F912100965210 /* ApiCaller.swift in Sources */ = {isa = PBXBuildFile; fileRef = DB38713C294F912100965210 /* ApiCaller.swift */; };
		DB38713F294F916400965210 /* HomeViewController.swift in Sources */ = {isa = PBXBuildFile; fileRef = DB38713E294F916400965210 /* HomeViewController.swift */; };
		DB387141294F917500965210 /* LibraryViewController.swift in Sources */ = {isa = PBXBuildFile; fileRef = DB387140294F917500965210 /* LibraryViewController.swift */; };
		DB387143294F918400965210 /* SearchViewController.swift in Sources */ = {isa = PBXBuildFile; fileRef = DB387142294F918400965210 /* SearchViewController.swift */; };
		DB387145294F919000965210 /* AuthViewController.swift in Sources */ = {isa = PBXBuildFile; fileRef = DB387144294F919000965210 /* AuthViewController.swift */; };
		DB387147294F91A100965210 /* StartViewController.swift in Sources */ = {isa = PBXBuildFile; fileRef = DB387146294F91A100965210 /* StartViewController.swift */; };
		DB387149294F91C400965210 /* TabBarViewController.swift in Sources */ = {isa = PBXBuildFile; fileRef = DB387148294F91C400965210 /* TabBarViewController.swift */; };
		DB38714B294F91DE00965210 /* ProfileViewController.swift in Sources */ = {isa = PBXBuildFile; fileRef = DB38714A294F91DE00965210 /* ProfileViewController.swift */; };
		DB38714D294F928B00965210 /* Album.swift in Sources */ = {isa = PBXBuildFile; fileRef = DB38714C294F928B00965210 /* Album.swift */; };
		DB38714F294F929B00965210 /* AuthResponse.swift in Sources */ = {isa = PBXBuildFile; fileRef = DB38714E294F929B00965210 /* AuthResponse.swift */; };
		DB387151294F92AF00965210 /* UserProfile.swift in Sources */ = {isa = PBXBuildFile; fileRef = DB387150294F92AF00965210 /* UserProfile.swift */; };
		DB387153294F92C400965210 /* GenresRecomendation.swift in Sources */ = {isa = PBXBuildFile; fileRef = DB387152294F92C400965210 /* GenresRecomendation.swift */; };
		DB387155294F954000965210 /* CellForSettings.swift in Sources */ = {isa = PBXBuildFile; fileRef = DB387154294F954000965210 /* CellForSettings.swift */; };
		DB5704FA2961B9C900555521 /* AlbumViewController.swift in Sources */ = {isa = PBXBuildFile; fileRef = DB5704F92961B9C900555521 /* AlbumViewController.swift */; };
		DB5704FC2961BB3A00555521 /* AlbumCellDetails.swift in Sources */ = {isa = PBXBuildFile; fileRef = DB5704FB2961BB3A00555521 /* AlbumCellDetails.swift */; };
		DB5704FE2961BC3100555521 /* AlbumCellDetailsTraks.swift in Sources */ = {isa = PBXBuildFile; fileRef = DB5704FD2961BC3100555521 /* AlbumCellDetailsTraks.swift */; };
		DB65D103295C29230041A7DC /* PlaylistCell.swift in Sources */ = {isa = PBXBuildFile; fileRef = DB65D102295C29230041A7DC /* PlaylistCell.swift */; };
		DB65D107295C75940041A7DC /* PlaylistTrackCellDetails.swift in Sources */ = {isa = PBXBuildFile; fileRef = DB65D106295C75940041A7DC /* PlaylistTrackCellDetails.swift */; };
		DB6DB6652952FB8500DBB62F /* AlbumCell.swift in Sources */ = {isa = PBXBuildFile; fileRef = DB6DB6642952FB8500DBB62F /* AlbumCell.swift */; };
		DB6DB6672953011F00DBB62F /* TrackCell.swift in Sources */ = {isa = PBXBuildFile; fileRef = DB6DB6662953011F00DBB62F /* TrackCell.swift */; };
		DB6DB669295318EE00DBB62F /* RecomendationCell.swift in Sources */ = {isa = PBXBuildFile; fileRef = DB6DB668295318EE00DBB62F /* RecomendationCell.swift */; };
		DB6DB66B29539C4600DBB62F /* HeaderCollectionViewCell.swift in Sources */ = {isa = PBXBuildFile; fileRef = DB6DB66A29539C4600DBB62F /* HeaderCollectionViewCell.swift */; };
		DB6ED529295AEFAB00544A12 /* AlbumDatail.swift in Sources */ = {isa = PBXBuildFile; fileRef = DB6ED528295AEFAB00544A12 /* AlbumDatail.swift */; };
		DB6ED52B295B1E4F00544A12 /* PlaylistController.swift in Sources */ = {isa = PBXBuildFile; fileRef = DB6ED52A295B1E4F00544A12 /* PlaylistController.swift */; };
		DB769008296C00C1009E548A /* CategoryController.swift in Sources */ = {isa = PBXBuildFile; fileRef = DB769007296C00C1009E548A /* CategoryController.swift */; };
		DB76900A296C725F009E548A /* ColorsView.swift in Sources */ = {isa = PBXBuildFile; fileRef = DB769009296C725F009E548A /* ColorsView.swift */; };
		DB78C5CD2980722E002089D9 /* Class.swift in Sources */ = {isa = PBXBuildFile; fileRef = DB78C5CC2980722E002089D9 /* Class.swift */; };
		DB78C5D0298112DD002089D9 /* CategoryCellDetails.swift in Sources */ = {isa = PBXBuildFile; fileRef = DB78C5CF298112DD002089D9 /* CategoryCellDetails.swift */; };
		DB998A9729680F60002F531A /* SearchResult.swift in Sources */ = {isa = PBXBuildFile; fileRef = DB998A9629680F60002F531A /* SearchResult.swift */; };
		DB998A99296840AE002F531A /* SearchCell.swift in Sources */ = {isa = PBXBuildFile; fileRef = DB998A98296840AE002F531A /* SearchCell.swift */; };
		DBAB55CC295B45D1004C1E5F /* PlaylistDetails.swift in Sources */ = {isa = PBXBuildFile; fileRef = DBAB55CB295B45D1004C1E5F /* PlaylistDetails.swift */; };
		DBAB55D0295B51C2004C1E5F /* TrackDetails.swift in Sources */ = {isa = PBXBuildFile; fileRef = DBAB55CF295B51C2004C1E5F /* TrackDetails.swift */; };
		DBAB55D2295B597E004C1E5F /* Category.swift in Sources */ = {isa = PBXBuildFile; fileRef = DBAB55D1295B597E004C1E5F /* Category.swift */; };
		DBE446442982F88B00BA1354 /* ModelAlbumVC.swift in Sources */ = {isa = PBXBuildFile; fileRef = DBE446432982F88B00BA1354 /* ModelAlbumVC.swift */; };
		DBE446462982FCCB00BA1354 /* PlaylistModel.swift in Sources */ = {isa = PBXBuildFile; fileRef = DBE446452982FCCB00BA1354 /* PlaylistModel.swift */; };
		DBE44648298300B000BA1354 /* ModelPlayer.swift in Sources */ = {isa = PBXBuildFile; fileRef = DBE44647298300B000BA1354 /* ModelPlayer.swift */; };
		DBE4464A298305B900BA1354 /* ModelSearch.swift in Sources */ = {isa = PBXBuildFile; fileRef = DBE44649298305B900BA1354 /* ModelSearch.swift */; };
		DBE4464C29830E2E00BA1354 /* CategoryModel.swift in Sources */ = {isa = PBXBuildFile; fileRef = DBE4464B29830E2E00BA1354 /* CategoryModel.swift */; };
/* End PBXBuildFile section */

/* Begin PBXFileReference section */
		9782805DA80B0893B4155897 /* Pods-MusicApp.release.xcconfig */ = {isa = PBXFileReference; includeInIndex = 1; lastKnownFileType = text.xcconfig; name = "Pods-MusicApp.release.xcconfig"; path = "Target Support Files/Pods-MusicApp/Pods-MusicApp.release.xcconfig"; sourceTree = "<group>"; };
		BAD2C422D90B6CA05064482F /* Pods-MusicApp.debug.xcconfig */ = {isa = PBXFileReference; includeInIndex = 1; lastKnownFileType = text.xcconfig; name = "Pods-MusicApp.debug.xcconfig"; path = "Target Support Files/Pods-MusicApp/Pods-MusicApp.debug.xcconfig"; sourceTree = "<group>"; };
		D2A7EECBA92BFB65AA6D9DD0 /* Pods_MusicApp.framework */ = {isa = PBXFileReference; explicitFileType = wrapper.framework; includeInIndex = 0; path = Pods_MusicApp.framework; sourceTree = BUILT_PRODUCTS_DIR; };
		DB0A396729505F64006E551B /* MyAlbum.swift */ = {isa = PBXFileReference; lastKnownFileType = sourcecode.swift; path = MyAlbum.swift; sourceTree = "<group>"; };
		DB0A39692950D796006E551B /* Recomendation.swift */ = {isa = PBXFileReference; lastKnownFileType = sourcecode.swift; path = Recomendation.swift; sourceTree = "<group>"; };
		DB0A396B2950FB7A006E551B /* Playlist.swift */ = {isa = PBXFileReference; lastKnownFileType = sourcecode.swift; path = Playlist.swift; sourceTree = "<group>"; };
		DB29927F29675E24009B497A /* SearchResultViewController.swift */ = {isa = PBXFileReference; lastKnownFileType = sourcecode.swift; path = SearchResultViewController.swift; sourceTree = "<group>"; };
		DB2992812967690C009B497A /* CategoryCell.swift */ = {isa = PBXFileReference; lastKnownFileType = sourcecode.swift; path = CategoryCell.swift; sourceTree = "<group>"; };
		DB2DBC12297564570059FF2D /* LikesViewController.swift */ = {isa = PBXFileReference; lastKnownFileType = sourcecode.swift; path = LikesViewController.swift; sourceTree = "<group>"; };
		DB2DBC14297564780059FF2D /* PlaylistLibraryViewController.swift */ = {isa = PBXFileReference; lastKnownFileType = sourcecode.swift; path = PlaylistLibraryViewController.swift; sourceTree = "<group>"; };
		DB2DBC17297564DF0059FF2D /* LibraryCell.swift */ = {isa = PBXFileReference; lastKnownFileType = sourcecode.swift; path = LibraryCell.swift; sourceTree = "<group>"; };
		DB2DBC19297564F20059FF2D /* ToggleView.swift */ = {isa = PBXFileReference; lastKnownFileType = sourcecode.swift; path = ToggleView.swift; sourceTree = "<group>"; };
		DB2DBC1B297567DE0059FF2D /* User Playlist.swift */ = {isa = PBXFileReference; lastKnownFileType = sourcecode.swift; path = "User Playlist.swift"; sourceTree = "<group>"; };
		DB2DBC1D2975C2270059FF2D /* LikeCell.swift */ = {isa = PBXFileReference; lastKnownFileType = sourcecode.swift; path = LikeCell.swift; sourceTree = "<group>"; };
		DB387123294F4AFE00965210 /* MusicApp.app */ = {isa = PBXFileReference; explicitFileType = wrapper.application; includeInIndex = 0; path = MusicApp.app; sourceTree = BUILT_PRODUCTS_DIR; };
		DB387126294F4AFE00965210 /* AppDelegate.swift */ = {isa = PBXFileReference; lastKnownFileType = sourcecode.swift; path = AppDelegate.swift; sourceTree = "<group>"; };
		DB387128294F4AFE00965210 /* SceneDelegate.swift */ = {isa = PBXFileReference; lastKnownFileType = sourcecode.swift; path = SceneDelegate.swift; sourceTree = "<group>"; };
		DB38712A294F4AFE00965210 /* PlayerViewController.swift */ = {isa = PBXFileReference; lastKnownFileType = sourcecode.swift; path = PlayerViewController.swift; sourceTree = "<group>"; };
		DB38712D294F4AFE00965210 /* Base */ = {isa = PBXFileReference; lastKnownFileType = file.storyboard; name = Base; path = Base.lproj/Main.storyboard; sourceTree = "<group>"; };
		DB38712F294F4B0100965210 /* Assets.xcassets */ = {isa = PBXFileReference; lastKnownFileType = folder.assetcatalog; path = Assets.xcassets; sourceTree = "<group>"; };
		DB387132294F4B0100965210 /* Base */ = {isa = PBXFileReference; lastKnownFileType = file.storyboard; name = Base; path = Base.lproj/LaunchScreen.storyboard; sourceTree = "<group>"; };
		DB387134294F4B0100965210 /* Info.plist */ = {isa = PBXFileReference; lastKnownFileType = text.plist.xml; path = Info.plist; sourceTree = "<group>"; };
		DB38713A294F910B00965210 /* AuthManager.swift */ = {isa = PBXFileReference; lastKnownFileType = sourcecode.swift; path = AuthManager.swift; sourceTree = "<group>"; };
		DB38713C294F912100965210 /* ApiCaller.swift */ = {isa = PBXFileReference; lastKnownFileType = sourcecode.swift; path = ApiCaller.swift; sourceTree = "<group>"; };
		DB38713E294F916400965210 /* HomeViewController.swift */ = {isa = PBXFileReference; lastKnownFileType = sourcecode.swift; path = HomeViewController.swift; sourceTree = "<group>"; };
		DB387140294F917500965210 /* LibraryViewController.swift */ = {isa = PBXFileReference; lastKnownFileType = sourcecode.swift; path = LibraryViewController.swift; sourceTree = "<group>"; };
		DB387142294F918400965210 /* SearchViewController.swift */ = {isa = PBXFileReference; lastKnownFileType = sourcecode.swift; path = SearchViewController.swift; sourceTree = "<group>"; };
		DB387144294F919000965210 /* AuthViewController.swift */ = {isa = PBXFileReference; lastKnownFileType = sourcecode.swift; path = AuthViewController.swift; sourceTree = "<group>"; };
		DB387146294F91A100965210 /* StartViewController.swift */ = {isa = PBXFileReference; lastKnownFileType = sourcecode.swift; path = StartViewController.swift; sourceTree = "<group>"; };
		DB387148294F91C400965210 /* TabBarViewController.swift */ = {isa = PBXFileReference; lastKnownFileType = sourcecode.swift; path = TabBarViewController.swift; sourceTree = "<group>"; };
		DB38714A294F91DE00965210 /* ProfileViewController.swift */ = {isa = PBXFileReference; lastKnownFileType = sourcecode.swift; path = ProfileViewController.swift; sourceTree = "<group>"; };
		DB38714C294F928B00965210 /* Album.swift */ = {isa = PBXFileReference; lastKnownFileType = sourcecode.swift; path = Album.swift; sourceTree = "<group>"; };
		DB38714E294F929B00965210 /* AuthResponse.swift */ = {isa = PBXFileReference; lastKnownFileType = sourcecode.swift; path = AuthResponse.swift; sourceTree = "<group>"; };
		DB387150294F92AF00965210 /* UserProfile.swift */ = {isa = PBXFileReference; lastKnownFileType = sourcecode.swift; path = UserProfile.swift; sourceTree = "<group>"; };
		DB387152294F92C400965210 /* GenresRecomendation.swift */ = {isa = PBXFileReference; lastKnownFileType = sourcecode.swift; path = GenresRecomendation.swift; sourceTree = "<group>"; };
		DB387154294F954000965210 /* CellForSettings.swift */ = {isa = PBXFileReference; lastKnownFileType = sourcecode.swift; path = CellForSettings.swift; sourceTree = "<group>"; };
		DB5704F92961B9C900555521 /* AlbumViewController.swift */ = {isa = PBXFileReference; lastKnownFileType = sourcecode.swift; path = AlbumViewController.swift; sourceTree = "<group>"; };
		DB5704FB2961BB3A00555521 /* AlbumCellDetails.swift */ = {isa = PBXFileReference; lastKnownFileType = sourcecode.swift; path = AlbumCellDetails.swift; sourceTree = "<group>"; };
		DB5704FD2961BC3100555521 /* AlbumCellDetailsTraks.swift */ = {isa = PBXFileReference; lastKnownFileType = sourcecode.swift; path = AlbumCellDetailsTraks.swift; sourceTree = "<group>"; };
		DB65D102295C29230041A7DC /* PlaylistCell.swift */ = {isa = PBXFileReference; lastKnownFileType = sourcecode.swift; path = PlaylistCell.swift; sourceTree = "<group>"; };
		DB65D106295C75940041A7DC /* PlaylistTrackCellDetails.swift */ = {isa = PBXFileReference; lastKnownFileType = sourcecode.swift; path = PlaylistTrackCellDetails.swift; sourceTree = "<group>"; };
		DB6DB6642952FB8500DBB62F /* AlbumCell.swift */ = {isa = PBXFileReference; lastKnownFileType = sourcecode.swift; path = AlbumCell.swift; sourceTree = "<group>"; };
		DB6DB6662953011F00DBB62F /* TrackCell.swift */ = {isa = PBXFileReference; lastKnownFileType = sourcecode.swift; path = TrackCell.swift; sourceTree = "<group>"; };
		DB6DB668295318EE00DBB62F /* RecomendationCell.swift */ = {isa = PBXFileReference; lastKnownFileType = sourcecode.swift; path = RecomendationCell.swift; sourceTree = "<group>"; };
		DB6DB66A29539C4600DBB62F /* HeaderCollectionViewCell.swift */ = {isa = PBXFileReference; lastKnownFileType = sourcecode.swift; path = HeaderCollectionViewCell.swift; sourceTree = "<group>"; };
		DB6ED528295AEFAB00544A12 /* AlbumDatail.swift */ = {isa = PBXFileReference; lastKnownFileType = sourcecode.swift; path = AlbumDatail.swift; sourceTree = "<group>"; };
		DB6ED52A295B1E4F00544A12 /* PlaylistController.swift */ = {isa = PBXFileReference; lastKnownFileType = sourcecode.swift; path = PlaylistController.swift; sourceTree = "<group>"; };
		DB769007296C00C1009E548A /* CategoryController.swift */ = {isa = PBXFileReference; lastKnownFileType = sourcecode.swift; name = CategoryController.swift; path = MusicApp/Controllers/CategoryController.swift; sourceTree = SOURCE_ROOT; };
		DB769009296C725F009E548A /* ColorsView.swift */ = {isa = PBXFileReference; lastKnownFileType = sourcecode.swift; path = ColorsView.swift; sourceTree = "<group>"; };
		DB78C5CC2980722E002089D9 /* Class.swift */ = {isa = PBXFileReference; lastKnownFileType = sourcecode.swift; path = Class.swift; sourceTree = "<group>"; };
		DB78C5CF298112DD002089D9 /* CategoryCellDetails.swift */ = {isa = PBXFileReference; lastKnownFileType = sourcecode.swift; path = CategoryCellDetails.swift; sourceTree = "<group>"; };
		DB998A9629680F60002F531A /* SearchResult.swift */ = {isa = PBXFileReference; lastKnownFileType = sourcecode.swift; path = SearchResult.swift; sourceTree = "<group>"; };
		DB998A98296840AE002F531A /* SearchCell.swift */ = {isa = PBXFileReference; lastKnownFileType = sourcecode.swift; path = SearchCell.swift; sourceTree = "<group>"; };
		DBAB55CB295B45D1004C1E5F /* PlaylistDetails.swift */ = {isa = PBXFileReference; lastKnownFileType = sourcecode.swift; path = PlaylistDetails.swift; sourceTree = "<group>"; };
		DBAB55CF295B51C2004C1E5F /* TrackDetails.swift */ = {isa = PBXFileReference; lastKnownFileType = sourcecode.swift; path = TrackDetails.swift; sourceTree = "<group>"; };
		DBAB55D1295B597E004C1E5F /* Category.swift */ = {isa = PBXFileReference; lastKnownFileType = sourcecode.swift; path = Category.swift; sourceTree = "<group>"; };
		DBE446432982F88B00BA1354 /* ModelAlbumVC.swift */ = {isa = PBXFileReference; lastKnownFileType = sourcecode.swift; path = ModelAlbumVC.swift; sourceTree = "<group>"; };
		DBE446452982FCCB00BA1354 /* PlaylistModel.swift */ = {isa = PBXFileReference; lastKnownFileType = sourcecode.swift; path = PlaylistModel.swift; sourceTree = "<group>"; };
		DBE44647298300B000BA1354 /* ModelPlayer.swift */ = {isa = PBXFileReference; lastKnownFileType = sourcecode.swift; path = ModelPlayer.swift; sourceTree = "<group>"; };
		DBE44649298305B900BA1354 /* ModelSearch.swift */ = {isa = PBXFileReference; lastKnownFileType = sourcecode.swift; path = ModelSearch.swift; sourceTree = "<group>"; };
		DBE4464B29830E2E00BA1354 /* CategoryModel.swift */ = {isa = PBXFileReference; lastKnownFileType = sourcecode.swift; path = CategoryModel.swift; sourceTree = "<group>"; };
/* End PBXFileReference section */

/* Begin PBXFrameworksBuildPhase section */
		DB387120294F4AFE00965210 /* Frameworks */ = {
			isa = PBXFrameworksBuildPhase;
			buildActionMask = 2147483647;
			files = (
				D90946C0E194F6B5F34E2179 /* Pods_MusicApp.framework in Frameworks */,
			);
			runOnlyForDeploymentPostprocessing = 0;
		};
/* End PBXFrameworksBuildPhase section */

/* Begin PBXGroup section */
		4AA1D0A21CF7FC4D8DC19232 /* Frameworks */ = {
			isa = PBXGroup;
			children = (
				D2A7EECBA92BFB65AA6D9DD0 /* Pods_MusicApp.framework */,
			);
			name = Frameworks;
			sourceTree = "<group>";
		};
		60FE5333AEDC9CA2D97E9B3F /* Pods */ = {
			isa = PBXGroup;
			children = (
				BAD2C422D90B6CA05064482F /* Pods-MusicApp.debug.xcconfig */,
				9782805DA80B0893B4155897 /* Pods-MusicApp.release.xcconfig */,
			);
			path = Pods;
			sourceTree = "<group>";
		};
		DB2DBC162975648A0059FF2D /* Library */ = {
			isa = PBXGroup;
			children = (
				DB387140294F917500965210 /* LibraryViewController.swift */,
				DB2DBC17297564DF0059FF2D /* LibraryCell.swift */,
				DB2DBC14297564780059FF2D /* PlaylistLibraryViewController.swift */,
				DB2DBC19297564F20059FF2D /* ToggleView.swift */,
				DB2DBC12297564570059FF2D /* LikesViewController.swift */,
				DB2DBC1D2975C2270059FF2D /* LikeCell.swift */,
			);
			path = Library;
			sourceTree = "<group>";
		};
		DB38711A294F4AFE00965210 = {
			isa = PBXGroup;
			children = (
				DB387125294F4AFE00965210 /* MusicApp */,
				DB387124294F4AFE00965210 /* Products */,
				60FE5333AEDC9CA2D97E9B3F /* Pods */,
				4AA1D0A21CF7FC4D8DC19232 /* Frameworks */,
			);
			sourceTree = "<group>";
		};
		DB387124294F4AFE00965210 /* Products */ = {
			isa = PBXGroup;
			children = (
				DB387123294F4AFE00965210 /* MusicApp.app */,
			);
			name = Products;
			sourceTree = "<group>";
		};
		DB387125294F4AFE00965210 /* MusicApp */ = {
			isa = PBXGroup;
			children = (
				DB387126294F4AFE00965210 /* AppDelegate.swift */,
				DB387128294F4AFE00965210 /* SceneDelegate.swift */,
				DB78C5CE29807749002089D9 /* ModelsForVC */,
				DB39C2A729543B620076F780 /* Controllers */,
				DB39C2AB29543C110076F780 /* ManagerNetwork */,
				DB39C2AA29543BDB0076F780 /* Models Json */,
				DB39C2A929543BA40076F780 /* Cells */,
				DB38712C294F4AFE00965210 /* Main.storyboard */,
				DB38712F294F4B0100965210 /* Assets.xcassets */,
				DB387131294F4B0100965210 /* LaunchScreen.storyboard */,
				DB387134294F4B0100965210 /* Info.plist */,
			);
			path = MusicApp;
			sourceTree = "<group>";
		};
		DB39C2A729543B620076F780 /* Controllers */ = {
			isa = PBXGroup;
			children = (
				DB2DBC162975648A0059FF2D /* Library */,
				DB769007296C00C1009E548A /* CategoryController.swift */,
				DB5704F92961B9C900555521 /* AlbumViewController.swift */,
				DB387144294F919000965210 /* AuthViewController.swift */,
				DB6ED52A295B1E4F00544A12 /* PlaylistController.swift */,
				DB38713E294F916400965210 /* HomeViewController.swift */,
				DB38714A294F91DE00965210 /* ProfileViewController.swift */,
				DB38712A294F4AFE00965210 /* PlayerViewController.swift */,
				DB387146294F91A100965210 /* StartViewController.swift */,
				DB387148294F91C400965210 /* TabBarViewController.swift */,
				DB387142294F918400965210 /* SearchViewController.swift */,
				DB29927F29675E24009B497A /* SearchResultViewController.swift */,
			);
			path = Controllers;
			sourceTree = "<group>";
		};
		DB39C2A929543BA40076F780 /* Cells */ = {
			isa = PBXGroup;
			children = (
				DB78C5CF298112DD002089D9 /* CategoryCellDetails.swift */,
				DB2992812967690C009B497A /* CategoryCell.swift */,
				DB769009296C725F009E548A /* ColorsView.swift */,
				DB998A98296840AE002F531A /* SearchCell.swift */,
				DB65D106295C75940041A7DC /* PlaylistTrackCellDetails.swift */,
				DB6DB6642952FB8500DBB62F /* AlbumCell.swift */,
				DB65D102295C29230041A7DC /* PlaylistCell.swift */,
				DB6DB6662953011F00DBB62F /* TrackCell.swift */,
				DB387154294F954000965210 /* CellForSettings.swift */,
				DB6DB668295318EE00DBB62F /* RecomendationCell.swift */,
				DB5704FB2961BB3A00555521 /* AlbumCellDetails.swift */,
				DB5704FD2961BC3100555521 /* AlbumCellDetailsTraks.swift */,
				DB6DB66A29539C4600DBB62F /* HeaderCollectionViewCell.swift */,
			);
			path = Cells;
			sourceTree = "<group>";
		};
		DB39C2AA29543BDB0076F780 /* Models Json */ = {
			isa = PBXGroup;
			children = (
				DB2DBC1B297567DE0059FF2D /* User Playlist.swift */,
				DB998A9629680F60002F531A /* SearchResult.swift */,
				DBAB55CF295B51C2004C1E5F /* TrackDetails.swift */,
				DBAB55D1295B597E004C1E5F /* Category.swift */,
				DB6ED528295AEFAB00544A12 /* AlbumDatail.swift */,
				DBAB55CB295B45D1004C1E5F /* PlaylistDetails.swift */,
				DB387152294F92C400965210 /* GenresRecomendation.swift */,
				DB387150294F92AF00965210 /* UserProfile.swift */,
				DB38714E294F929B00965210 /* AuthResponse.swift */,
				DB38714C294F928B00965210 /* Album.swift */,
				DB0A396729505F64006E551B /* MyAlbum.swift */,
				DB0A396B2950FB7A006E551B /* Playlist.swift */,
				DB0A39692950D796006E551B /* Recomendation.swift */,
			);
			path = "Models Json";
			sourceTree = "<group>";
		};
		DB39C2AB29543C110076F780 /* ManagerNetwork */ = {
			isa = PBXGroup;
			children = (
				DB38713C294F912100965210 /* ApiCaller.swift */,
				DB38713A294F910B00965210 /* AuthManager.swift */,
			);
			path = ManagerNetwork;
			sourceTree = "<group>";
		};
		DB78C5CE29807749002089D9 /* ModelsForVC */ = {
			isa = PBXGroup;
			children = (
				DB78C5CC2980722E002089D9 /* Class.swift */,
				DBE446432982F88B00BA1354 /* ModelAlbumVC.swift */,
				DBE446452982FCCB00BA1354 /* PlaylistModel.swift */,
				DBE44647298300B000BA1354 /* ModelPlayer.swift */,
				DBE4464B29830E2E00BA1354 /* CategoryModel.swift */,
				DBE44649298305B900BA1354 /* ModelSearch.swift */,
			);
			path = ModelsForVC;
			sourceTree = "<group>";
		};
/* End PBXGroup section */

/* Begin PBXNativeTarget section */
		DB387122294F4AFE00965210 /* MusicApp */ = {
			isa = PBXNativeTarget;
			buildConfigurationList = DB387137294F4B0100965210 /* Build configuration list for PBXNativeTarget "MusicApp" */;
			buildPhases = (
				35CB6483658CA9599ED424C1 /* [CP] Check Pods Manifest.lock */,
				DB38711F294F4AFE00965210 /* Sources */,
				DB387120294F4AFE00965210 /* Frameworks */,
				DB387121294F4AFE00965210 /* Resources */,
				E446971931FD089C86AFEAD6 /* [CP] Embed Pods Frameworks */,
			);
			buildRules = (
			);
			dependencies = (
			);
			name = MusicApp;
			productName = MusicApp;
			productReference = DB387123294F4AFE00965210 /* MusicApp.app */;
			productType = "com.apple.product-type.application";
		};
/* End PBXNativeTarget section */

/* Begin PBXProject section */
		DB38711B294F4AFE00965210 /* Project object */ = {
			isa = PBXProject;
			attributes = {
				BuildIndependentTargetsInParallel = 1;
				LastSwiftUpdateCheck = 1410;
				LastUpgradeCheck = 1410;
				TargetAttributes = {
					DB387122294F4AFE00965210 = {
						CreatedOnToolsVersion = 14.1;
					};
				};
			};
			buildConfigurationList = DB38711E294F4AFE00965210 /* Build configuration list for PBXProject "MusicApp" */;
			compatibilityVersion = "Xcode 14.0";
			developmentRegion = en;
			hasScannedForEncodings = 0;
			knownRegions = (
				en,
				Base,
			);
			mainGroup = DB38711A294F4AFE00965210;
			productRefGroup = DB387124294F4AFE00965210 /* Products */;
			projectDirPath = "";
			projectRoot = "";
			targets = (
				DB387122294F4AFE00965210 /* MusicApp */,
			);
		};
/* End PBXProject section */

/* Begin PBXResourcesBuildPhase section */
		DB387121294F4AFE00965210 /* Resources */ = {
			isa = PBXResourcesBuildPhase;
			buildActionMask = 2147483647;
			files = (
				DB387133294F4B0100965210 /* LaunchScreen.storyboard in Resources */,
				DB387130294F4B0100965210 /* Assets.xcassets in Resources */,
				DB38712E294F4AFE00965210 /* Main.storyboard in Resources */,
			);
			runOnlyForDeploymentPostprocessing = 0;
		};
/* End PBXResourcesBuildPhase section */

/* Begin PBXShellScriptBuildPhase section */
		35CB6483658CA9599ED424C1 /* [CP] Check Pods Manifest.lock */ = {
			isa = PBXShellScriptBuildPhase;
			buildActionMask = 2147483647;
			files = (
			);
			inputFileListPaths = (
			);
			inputPaths = (
				"${PODS_PODFILE_DIR_PATH}/Podfile.lock",
				"${PODS_ROOT}/Manifest.lock",
			);
			name = "[CP] Check Pods Manifest.lock";
			outputFileListPaths = (
			);
			outputPaths = (
				"$(DERIVED_FILE_DIR)/Pods-MusicApp-checkManifestLockResult.txt",
			);
			runOnlyForDeploymentPostprocessing = 0;
			shellPath = /bin/sh;
			shellScript = "diff \"${PODS_PODFILE_DIR_PATH}/Podfile.lock\" \"${PODS_ROOT}/Manifest.lock\" > /dev/null\nif [ $? != 0 ] ; then\n    # print error to STDERR\n    echo \"error: The sandbox is not in sync with the Podfile.lock. Run 'pod install' or update your CocoaPods installation.\" >&2\n    exit 1\nfi\n# This output is used by Xcode 'outputs' to avoid re-running this script phase.\necho \"SUCCESS\" > \"${SCRIPT_OUTPUT_FILE_0}\"\n";
			showEnvVarsInLog = 0;
		};
		E446971931FD089C86AFEAD6 /* [CP] Embed Pods Frameworks */ = {
			isa = PBXShellScriptBuildPhase;
			buildActionMask = 2147483647;
			files = (
			);
			inputFileListPaths = (
				"${PODS_ROOT}/Target Support Files/Pods-MusicApp/Pods-MusicApp-frameworks-${CONFIGURATION}-input-files.xcfilelist",
			);
			name = "[CP] Embed Pods Frameworks";
			outputFileListPaths = (
				"${PODS_ROOT}/Target Support Files/Pods-MusicApp/Pods-MusicApp-frameworks-${CONFIGURATION}-output-files.xcfilelist",
			);
			runOnlyForDeploymentPostprocessing = 0;
			shellPath = /bin/sh;
			shellScript = "\"${PODS_ROOT}/Target Support Files/Pods-MusicApp/Pods-MusicApp-frameworks.sh\"\n";
			showEnvVarsInLog = 0;
		};
/* End PBXShellScriptBuildPhase section */

/* Begin PBXSourcesBuildPhase section */
		DB38711F294F4AFE00965210 /* Sources */ = {
			isa = PBXSourcesBuildPhase;
			buildActionMask = 2147483647;
			files = (
				DB387153294F92C400965210 /* GenresRecomendation.swift in Sources */,
				DB38714D294F928B00965210 /* Album.swift in Sources */,
				DB6ED529295AEFAB00544A12 /* AlbumDatail.swift in Sources */,
				DBAB55D2295B597E004C1E5F /* Category.swift in Sources */,
				DB38712B294F4AFE00965210 /* PlayerViewController.swift in Sources */,
				DB387151294F92AF00965210 /* UserProfile.swift in Sources */,
				DB65D107295C75940041A7DC /* PlaylistTrackCellDetails.swift in Sources */,
				DB38713B294F910B00965210 /* AuthManager.swift in Sources */,
				DBE446442982F88B00BA1354 /* ModelAlbumVC.swift in Sources */,
				DB387149294F91C400965210 /* TabBarViewController.swift in Sources */,
				DB65D103295C29230041A7DC /* PlaylistCell.swift in Sources */,
				DB2DBC15297564780059FF2D /* PlaylistLibraryViewController.swift in Sources */,
				DB2DBC13297564570059FF2D /* LikesViewController.swift in Sources */,
				DBAB55D0295B51C2004C1E5F /* TrackDetails.swift in Sources */,
				DB5704FA2961B9C900555521 /* AlbumViewController.swift in Sources */,
				DB5704FE2961BC3100555521 /* AlbumCellDetailsTraks.swift in Sources */,
				DBE4464A298305B900BA1354 /* ModelSearch.swift in Sources */,
				DB998A9729680F60002F531A /* SearchResult.swift in Sources */,
				DB38714F294F929B00965210 /* AuthResponse.swift in Sources */,
				DB6DB6652952FB8500DBB62F /* AlbumCell.swift in Sources */,
				DB387143294F918400965210 /* SearchViewController.swift in Sources */,
				DB2992822967690C009B497A /* CategoryCell.swift in Sources */,
				DBE446462982FCCB00BA1354 /* PlaylistModel.swift in Sources */,
				DB6DB669295318EE00DBB62F /* RecomendationCell.swift in Sources */,
				DBAB55CC295B45D1004C1E5F /* PlaylistDetails.swift in Sources */,
				DB6DB6672953011F00DBB62F /* TrackCell.swift in Sources */,
				DB387127294F4AFE00965210 /* AppDelegate.swift in Sources */,
				DB78C5D0298112DD002089D9 /* CategoryCellDetails.swift in Sources */,
				DB2DBC1A297564F20059FF2D /* ToggleView.swift in Sources */,
				DBE44648298300B000BA1354 /* ModelPlayer.swift in Sources */,
				DB387155294F954000965210 /* CellForSettings.swift in Sources */,
				DB387129294F4AFE00965210 /* SceneDelegate.swift in Sources */,
				DB76900A296C725F009E548A /* ColorsView.swift in Sources */,
				DB0A396829505F64006E551B /* MyAlbum.swift in Sources */,
				DB6ED52B295B1E4F00544A12 /* PlaylistController.swift in Sources */,
				DB38714B294F91DE00965210 /* ProfileViewController.swift in Sources */,
				DB78C5CD2980722E002089D9 /* Class.swift in Sources */,
				DB998A99296840AE002F531A /* SearchCell.swift in Sources */,
				DB2DBC1E2975C2270059FF2D /* LikeCell.swift in Sources */,
				DB387147294F91A100965210 /* StartViewController.swift in Sources */,
				DB2DBC18297564DF0059FF2D /* LibraryCell.swift in Sources */,
				DB0A396A2950D796006E551B /* Recomendation.swift in Sources */,
				DB387141294F917500965210 /* LibraryViewController.swift in Sources */,
				DB38713D294F912100965210 /* ApiCaller.swift in Sources */,
				DBE4464C29830E2E00BA1354 /* CategoryModel.swift in Sources */,
				DB5704FC2961BB3A00555521 /* AlbumCellDetails.swift in Sources */,
				DB769008296C00C1009E548A /* CategoryController.swift in Sources */,
				DB387145294F919000965210 /* AuthViewController.swift in Sources */,
				DB6DB66B29539C4600DBB62F /* HeaderCollectionViewCell.swift in Sources */,
				DB38713F294F916400965210 /* HomeViewController.swift in Sources */,
				DB29928029675E24009B497A /* SearchResultViewController.swift in Sources */,
				DB0A396C2950FB7A006E551B /* Playlist.swift in Sources */,
				DB2DBC1C297567DE0059FF2D /* User Playlist.swift in Sources */,
			);
			runOnlyForDeploymentPostprocessing = 0;
		};
/* End PBXSourcesBuildPhase section */

/* Begin PBXVariantGroup section */
		DB38712C294F4AFE00965210 /* Main.storyboard */ = {
			isa = PBXVariantGroup;
			children = (
				DB38712D294F4AFE00965210 /* Base */,
			);
			name = Main.storyboard;
			sourceTree = "<group>";
		};
		DB387131294F4B0100965210 /* LaunchScreen.storyboard */ = {
			isa = PBXVariantGroup;
			children = (
				DB387132294F4B0100965210 /* Base */,
			);
			name = LaunchScreen.storyboard;
			sourceTree = "<group>";
		};
/* End PBXVariantGroup section */

/* Begin XCBuildConfiguration section */
		DB387135294F4B0100965210 /* Debug */ = {
			isa = XCBuildConfiguration;
			buildSettings = {
				ALWAYS_SEARCH_USER_PATHS = NO;
				CLANG_ANALYZER_NONNULL = YES;
				CLANG_ANALYZER_NUMBER_OBJECT_CONVERSION = YES_AGGRESSIVE;
				CLANG_CXX_LANGUAGE_STANDARD = "gnu++20";
				CLANG_ENABLE_MODULES = YES;
				CLANG_ENABLE_OBJC_ARC = YES;
				CLANG_ENABLE_OBJC_WEAK = YES;
				CLANG_WARN_BLOCK_CAPTURE_AUTORELEASING = YES;
				CLANG_WARN_BOOL_CONVERSION = YES;
				CLANG_WARN_COMMA = YES;
				CLANG_WARN_CONSTANT_CONVERSION = YES;
				CLANG_WARN_DEPRECATED_OBJC_IMPLEMENTATIONS = YES;
				CLANG_WARN_DIRECT_OBJC_ISA_USAGE = YES_ERROR;
				CLANG_WARN_DOCUMENTATION_COMMENTS = YES;
				CLANG_WARN_EMPTY_BODY = YES;
				CLANG_WARN_ENUM_CONVERSION = YES;
				CLANG_WARN_INFINITE_RECURSION = YES;
				CLANG_WARN_INT_CONVERSION = YES;
				CLANG_WARN_NON_LITERAL_NULL_CONVERSION = YES;
				CLANG_WARN_OBJC_IMPLICIT_RETAIN_SELF = YES;
				CLANG_WARN_OBJC_LITERAL_CONVERSION = YES;
				CLANG_WARN_OBJC_ROOT_CLASS = YES_ERROR;
				CLANG_WARN_QUOTED_INCLUDE_IN_FRAMEWORK_HEADER = YES;
				CLANG_WARN_RANGE_LOOP_ANALYSIS = YES;
				CLANG_WARN_STRICT_PROTOTYPES = YES;
				CLANG_WARN_SUSPICIOUS_MOVE = YES;
				CLANG_WARN_UNGUARDED_AVAILABILITY = YES_AGGRESSIVE;
				CLANG_WARN_UNREACHABLE_CODE = YES;
				CLANG_WARN__DUPLICATE_METHOD_MATCH = YES;
				COPY_PHASE_STRIP = NO;
				DEBUG_INFORMATION_FORMAT = dwarf;
				ENABLE_STRICT_OBJC_MSGSEND = YES;
				ENABLE_TESTABILITY = YES;
				GCC_C_LANGUAGE_STANDARD = gnu11;
				GCC_DYNAMIC_NO_PIC = NO;
				GCC_NO_COMMON_BLOCKS = YES;
				GCC_OPTIMIZATION_LEVEL = 0;
				GCC_PREPROCESSOR_DEFINITIONS = (
					"DEBUG=1",
					"$(inherited)",
				);
				GCC_WARN_64_TO_32_BIT_CONVERSION = YES;
				GCC_WARN_ABOUT_RETURN_TYPE = YES_ERROR;
				GCC_WARN_UNDECLARED_SELECTOR = YES;
				GCC_WARN_UNINITIALIZED_AUTOS = YES_AGGRESSIVE;
				GCC_WARN_UNUSED_FUNCTION = YES;
				GCC_WARN_UNUSED_VARIABLE = YES;
				IPHONEOS_DEPLOYMENT_TARGET = 16.1;
				MTL_ENABLE_DEBUG_INFO = INCLUDE_SOURCE;
				MTL_FAST_MATH = YES;
				ONLY_ACTIVE_ARCH = YES;
				SDKROOT = iphoneos;
				SWIFT_ACTIVE_COMPILATION_CONDITIONS = DEBUG;
				SWIFT_OPTIMIZATION_LEVEL = "-Onone";
			};
			name = Debug;
		};
		DB387136294F4B0100965210 /* Release */ = {
			isa = XCBuildConfiguration;
			buildSettings = {
				ALWAYS_SEARCH_USER_PATHS = NO;
				CLANG_ANALYZER_NONNULL = YES;
				CLANG_ANALYZER_NUMBER_OBJECT_CONVERSION = YES_AGGRESSIVE;
				CLANG_CXX_LANGUAGE_STANDARD = "gnu++20";
				CLANG_ENABLE_MODULES = YES;
				CLANG_ENABLE_OBJC_ARC = YES;
				CLANG_ENABLE_OBJC_WEAK = YES;
				CLANG_WARN_BLOCK_CAPTURE_AUTORELEASING = YES;
				CLANG_WARN_BOOL_CONVERSION = YES;
				CLANG_WARN_COMMA = YES;
				CLANG_WARN_CONSTANT_CONVERSION = YES;
				CLANG_WARN_DEPRECATED_OBJC_IMPLEMENTATIONS = YES;
				CLANG_WARN_DIRECT_OBJC_ISA_USAGE = YES_ERROR;
				CLANG_WARN_DOCUMENTATION_COMMENTS = YES;
				CLANG_WARN_EMPTY_BODY = YES;
				CLANG_WARN_ENUM_CONVERSION = YES;
				CLANG_WARN_INFINITE_RECURSION = YES;
				CLANG_WARN_INT_CONVERSION = YES;
				CLANG_WARN_NON_LITERAL_NULL_CONVERSION = YES;
				CLANG_WARN_OBJC_IMPLICIT_RETAIN_SELF = YES;
				CLANG_WARN_OBJC_LITERAL_CONVERSION = YES;
				CLANG_WARN_OBJC_ROOT_CLASS = YES_ERROR;
				CLANG_WARN_QUOTED_INCLUDE_IN_FRAMEWORK_HEADER = YES;
				CLANG_WARN_RANGE_LOOP_ANALYSIS = YES;
				CLANG_WARN_STRICT_PROTOTYPES = YES;
				CLANG_WARN_SUSPICIOUS_MOVE = YES;
				CLANG_WARN_UNGUARDED_AVAILABILITY = YES_AGGRESSIVE;
				CLANG_WARN_UNREACHABLE_CODE = YES;
				CLANG_WARN__DUPLICATE_METHOD_MATCH = YES;
				COPY_PHASE_STRIP = NO;
				DEBUG_INFORMATION_FORMAT = "dwarf-with-dsym";
				ENABLE_NS_ASSERTIONS = NO;
				ENABLE_STRICT_OBJC_MSGSEND = YES;
				GCC_C_LANGUAGE_STANDARD = gnu11;
				GCC_NO_COMMON_BLOCKS = YES;
				GCC_WARN_64_TO_32_BIT_CONVERSION = YES;
				GCC_WARN_ABOUT_RETURN_TYPE = YES_ERROR;
				GCC_WARN_UNDECLARED_SELECTOR = YES;
				GCC_WARN_UNINITIALIZED_AUTOS = YES_AGGRESSIVE;
				GCC_WARN_UNUSED_FUNCTION = YES;
				GCC_WARN_UNUSED_VARIABLE = YES;
				IPHONEOS_DEPLOYMENT_TARGET = 16.1;
				MTL_ENABLE_DEBUG_INFO = NO;
				MTL_FAST_MATH = YES;
				SDKROOT = iphoneos;
				SWIFT_COMPILATION_MODE = wholemodule;
				SWIFT_OPTIMIZATION_LEVEL = "-O";
				VALIDATE_PRODUCT = YES;
			};
			name = Release;
		};
		DB387138294F4B0100965210 /* Debug */ = {
			isa = XCBuildConfiguration;
			baseConfigurationReference = BAD2C422D90B6CA05064482F /* Pods-MusicApp.debug.xcconfig */;
			buildSettings = {
				ASSETCATALOG_COMPILER_APPICON_NAME = AppIcon;
				ASSETCATALOG_COMPILER_GLOBAL_ACCENT_COLOR_NAME = AccentColor;
				CODE_SIGN_STYLE = Automatic;
				CURRENT_PROJECT_VERSION = 1;
				GENERATE_INFOPLIST_FILE = YES;
				INFOPLIST_FILE = MusicApp/Info.plist;
				INFOPLIST_KEY_UIApplicationSupportsIndirectInputEvents = YES;
				INFOPLIST_KEY_UILaunchStoryboardName = LaunchScreen;
				INFOPLIST_KEY_UIMainStoryboardFile = Main;
				INFOPLIST_KEY_UISupportedInterfaceOrientations_iPad = "UIInterfaceOrientationPortrait UIInterfaceOrientationPortraitUpsideDown UIInterfaceOrientationLandscapeLeft UIInterfaceOrientationLandscapeRight";
				INFOPLIST_KEY_UISupportedInterfaceOrientations_iPhone = "UIInterfaceOrientationPortrait UIInterfaceOrientationLandscapeLeft UIInterfaceOrientationLandscapeRight";
				LD_RUNPATH_SEARCH_PATHS = (
					"$(inherited)",
					"@executable_path/Frameworks",
				);
				MARKETING_VERSION = 1.0;
				PRODUCT_BUNDLE_IDENTIFIER = one.MusicApp;
				PRODUCT_NAME = "$(TARGET_NAME)";
				SWIFT_EMIT_LOC_STRINGS = YES;
				SWIFT_VERSION = 5.0;
				TARGETED_DEVICE_FAMILY = "1,2";
			};
			name = Debug;
		};
		DB387139294F4B0100965210 /* Release */ = {
			isa = XCBuildConfiguration;
			baseConfigurationReference = 9782805DA80B0893B4155897 /* Pods-MusicApp.release.xcconfig */;
			buildSettings = {
				ASSETCATALOG_COMPILER_APPICON_NAME = AppIcon;
				ASSETCATALOG_COMPILER_GLOBAL_ACCENT_COLOR_NAME = AccentColor;
				CODE_SIGN_STYLE = Automatic;
				CURRENT_PROJECT_VERSION = 1;
				GENERATE_INFOPLIST_FILE = YES;
				INFOPLIST_FILE = MusicApp/Info.plist;
				INFOPLIST_KEY_UIApplicationSupportsIndirectInputEvents = YES;
				INFOPLIST_KEY_UILaunchStoryboardName = LaunchScreen;
				INFOPLIST_KEY_UIMainStoryboardFile = Main;
				INFOPLIST_KEY_UISupportedInterfaceOrientations_iPad = "UIInterfaceOrientationPortrait UIInterfaceOrientationPortraitUpsideDown UIInterfaceOrientationLandscapeLeft UIInterfaceOrientationLandscapeRight";
				INFOPLIST_KEY_UISupportedInterfaceOrientations_iPhone = "UIInterfaceOrientationPortrait UIInterfaceOrientationLandscapeLeft UIInterfaceOrientationLandscapeRight";
				LD_RUNPATH_SEARCH_PATHS = (
					"$(inherited)",
					"@executable_path/Frameworks",
				);
				MARKETING_VERSION = 1.0;
				PRODUCT_BUNDLE_IDENTIFIER = one.MusicApp;
				PRODUCT_NAME = "$(TARGET_NAME)";
				SWIFT_EMIT_LOC_STRINGS = YES;
				SWIFT_VERSION = 5.0;
				TARGETED_DEVICE_FAMILY = "1,2";
			};
			name = Release;
		};
/* End XCBuildConfiguration section */

/* Begin XCConfigurationList section */
		DB38711E294F4AFE00965210 /* Build configuration list for PBXProject "MusicApp" */ = {
			isa = XCConfigurationList;
			buildConfigurations = (
				DB387135294F4B0100965210 /* Debug */,
				DB387136294F4B0100965210 /* Release */,
			);
			defaultConfigurationIsVisible = 0;
			defaultConfigurationName = Release;
		};
		DB387137294F4B0100965210 /* Build configuration list for PBXNativeTarget "MusicApp" */ = {
			isa = XCConfigurationList;
			buildConfigurations = (
				DB387138294F4B0100965210 /* Debug */,
				DB387139294F4B0100965210 /* Release */,
			);
			defaultConfigurationIsVisible = 0;
			defaultConfigurationName = Release;
		};
/* End XCConfigurationList section */
	};
	rootObject = DB38711B294F4AFE00965210 /* Project object */;
}
